{
  "name": "react_django_school_payment",
  "lockfileVersion": 3,
  "requires": true,
  "packages": {
    "": {
      "dependencies": {
        "@chapa_et/inline.js": "^1.0.1"
      }
    },
    "node_modules/@chapa_et/inline.js": {
      "version": "1.0.1",
      "resolved": "https://registry.npmjs.org/@chapa_et/inline.js/-/inline.js-1.0.1.tgz",
      "integrity": "sha512-bVFHkBZXew5iKTTowNdkTobGKnCcI2Lc+teNmUztLcLWP7ElHyYLfQCr6lcgDhYBdZLDDp+M23qKpz6lZ+Qk0Q==",
      "license": "MIT"
    }
  }
}
